<?xml version="1.0" encoding="utf-8"?>
<Project ToolsVersion="4.0" xmlns="http://schemas.microsoft.com/developer/msbuild/2003">
  <ItemGroup>
    <ClCompile Include="src\main.cpp" />
    <ClCompile Include="src\Animation.cpp">
      <Filter>engine2Dbase\cpp</Filter>
    </ClCompile>
    <ClCompile Include="src\AnimationManager.cpp">
      <Filter>engine2Dbase\cpp</Filter>
    </ClCompile>
    <ClCompile Include="src\AnimationUtils.cpp">
      <Filter>engine2Dbase\cpp</Filter>
    </ClCompile>
    <ClCompile Include="src\Appearance.cpp">
      <Filter>engine2Dbase\cpp</Filter>
    </ClCompile>
    <ClCompile Include="src\Camera.cpp">
      <Filter>engine2Dbase\cpp</Filter>
    </ClCompile>
    <ClCompile Include="src\CFont.cpp">
      <Filter>engine2Dbase\cpp</Filter>
    </ClCompile>
    <ClCompile Include="src\Circle.cpp">
      <Filter>engine2Dbase\cpp</Filter>
    </ClCompile>
    <ClCompile Include="src\CollidableGroup.cpp">
      <Filter>engine2Dbase\cpp</Filter>
    </ClCompile>
    <ClCompile Include="src\Command.cpp">
      <Filter>engine2Dbase\cpp</Filter>
    </ClCompile>
    <ClCompile Include="src\CommandInterpreter.cpp">
      <Filter>engine2Dbase\cpp</Filter>
    </ClCompile>
    <ClCompile Include="src\CullObjectOperator.cpp">
      <Filter>engine2Dbase\cpp</Filter>
    </ClCompile>
    <ClCompile Include="src\Debug.cpp">
      <Filter>engine2Dbase\cpp</Filter>
    </ClCompile>
    <ClCompile Include="src\DebugState.cpp">
      <Filter>engine2Dbase\cpp</Filter>
    </ClCompile>
    <ClCompile Include="src\DIKeyboard.cpp">
      <Filter>engine2Dbase\cpp</Filter>
    </ClCompile>
    <ClCompile Include="src\DirectInput.cpp">
      <Filter>engine2Dbase\cpp</Filter>
    </ClCompile>
    <ClCompile Include="src\Engine2D.cpp">
      <Filter>engine2Dbase\cpp</Filter>
    </ClCompile>
    <ClCompile Include="src\EventSystem.cpp">
      <Filter>engine2Dbase\cpp</Filter>
    </ClCompile>
    <ClCompile Include="src\Font.cpp">
      <Filter>engine2Dbase\cpp</Filter>
    </ClCompile>
    <ClCompile Include="src\Frame.cpp">
      <Filter>engine2Dbase\cpp</Filter>
    </ClCompile>
    <ClCompile Include="src\Game.cpp">
      <Filter>engine2Dbase\cpp</Filter>
    </ClCompile>
    <ClCompile Include="src\GameObject.cpp">
      <Filter>engine2Dbase\cpp</Filter>
    </ClCompile>
    <ClCompile Include="src\GameState.cpp">
      <Filter>engine2Dbase\cpp</Filter>
    </ClCompile>
    <ClCompile Include="src\Image.cpp">
      <Filter>engine2Dbase\cpp</Filter>
    </ClCompile>
    <ClCompile Include="src\InputEvent.cpp">
      <Filter>engine2Dbase\cpp</Filter>
    </ClCompile>
    <ClCompile Include="src\InputManager.cpp">
      <Filter>engine2Dbase\cpp</Filter>
    </ClCompile>
    <ClCompile Include="src\IRenderer.cpp">
      <Filter>engine2Dbase\cpp</Filter>
    </ClCompile>
    <ClCompile Include="src\Menu.cpp">
      <Filter>engine2Dbase\cpp</Filter>
    </ClCompile>
    <ClCompile Include="src\ObjectManager.cpp">
      <Filter>engine2Dbase\cpp</Filter>
    </ClCompile>
    <ClCompile Include="src\Plane.cpp">
      <Filter>engine2Dbase\cpp</Filter>
    </ClCompile>
    <ClCompile Include="src\Player.cpp">
      <Filter>engine2Dbase\cpp</Filter>
    </ClCompile>
    <ClCompile Include="src\PlayState.cpp">
      <Filter>engine2Dbase\cpp</Filter>
    </ClCompile>
    <ClCompile Include="src\Popup.cpp">
      <Filter>engine2Dbase\cpp</Filter>
    </ClCompile>
    <ClCompile Include="src\ProgramStack.cpp">
      <Filter>engine2Dbase\cpp</Filter>
    </ClCompile>
    <ClCompile Include="src\Renderer.cpp">
      <Filter>engine2Dbase\cpp</Filter>
    </ClCompile>
    <ClCompile Include="src\RendererDX.cpp">
      <Filter>engine2Dbase\cpp</Filter>
    </ClCompile>
    <ClCompile Include="src\SDSParser.cpp">
      <Filter>engine2Dbase\cpp</Filter>
    </ClCompile>
    <ClCompile Include="src\Slider.cpp">
      <Filter>engine2Dbase\cpp</Filter>
    </ClCompile>
    <ClCompile Include="src\Sound.cpp">
      <Filter>engine2Dbase\cpp</Filter>
    </ClCompile>
    <ClCompile Include="src\Sprite.cpp">
      <Filter>engine2Dbase\cpp</Filter>
    </ClCompile>
    <ClCompile Include="src\SpriteManager.cpp">
      <Filter>engine2Dbase\cpp</Filter>
    </ClCompile>
    <ClCompile Include="src\Square.cpp">
      <Filter>engine2Dbase\cpp</Filter>
    </ClCompile>
    <ClCompile Include="src\Stage.cpp">
      <Filter>engine2Dbase\cpp</Filter>
    </ClCompile>
    <ClCompile Include="src\StartState.cpp">
      <Filter>engine2Dbase\cpp</Filter>
    </ClCompile>
    <ClCompile Include="src\StateMachine.cpp">
      <Filter>engine2Dbase\cpp</Filter>
    </ClCompile>
    <ClCompile Include="src\Timer.cpp">
      <Filter>engine2Dbase\cpp</Filter>
    </ClCompile>
    <ClCompile Include="src\Trigger.cpp">
      <Filter>engine2Dbase\cpp</Filter>
    </ClCompile>
    <ClCompile Include="src\VirtualButton.cpp">
      <Filter>engine2Dbase\cpp</Filter>
    </ClCompile>
    <ClCompile Include="src\VirtualGamePad.cpp">
      <Filter>engine2Dbase\cpp</Filter>
    </ClCompile>
    <ClCompile Include="src\Window.cpp">
      <Filter>engine2Dbase\cpp</Filter>
    </ClCompile>
    <ClCompile Include="src\WorldOperator.cpp">
      <Filter>engine2Dbase\cpp</Filter>
    </ClCompile>
    <ClCompile Include="src\XAudio.cpp">
      <Filter>engine2Dbase\cpp</Filter>
    </ClCompile>
    <ClCompile Include="src\XAudioFile.cpp">
      <Filter>engine2Dbase\cpp</Filter>
    </ClCompile>
    <ClCompile Include="src\Stage.cpp">
      <Filter>engine2Dbase\cpp</Filter>
    </ClCompile>
    <ClCompile Include="src\StartState.cpp">
      <Filter>engine2Dbase\cpp</Filter>
    </ClCompile>
    <ClCompile Include="src\StateMachine.cpp">
      <Filter>engine2Dbase\cpp</Filter>
    </ClCompile>
    <ClCompile Include="src\Timer.cpp">
      <Filter>engine2Dbase\cpp</Filter>
    </ClCompile>
    <ClCompile Include="src\Trigger.cpp">
      <Filter>engine2Dbase\cpp</Filter>
    </ClCompile>
    <ClCompile Include="src\UpdateBackgroundOperator.cpp">
      <Filter>engine2Dbase\cpp</Filter>
      <Filter>engine2Dbase\cpp</Filter>
    </ClCompile>
    <ClCompile Include="src\DIMouse.cpp">
      <Filter>engine2Dbase\cpp</Filter>
    </ClCompile>
  </ItemGroup>
  <ItemGroup>
    <Filter Include="engine2Dbase">
      <UniqueIdentifier>{80b93f5b-06f2-4067-b310-a318c75f8d98}</UniqueIdentifier>
    </Filter>
    <Filter Include="engine2Dbase\cpp">
      <UniqueIdentifier>{1eb30f23-2679-477c-8140-238a7948bec2}</UniqueIdentifier>
    </Filter>
    <Filter Include="engine2Dbase\h">
      <UniqueIdentifier>{2f943bb8-a2db-4f3f-be24-07a474e1ad4c}</UniqueIdentifier>
    </Filter>
    <Filter Include="engine2Dbase\cpp">
      <UniqueIdentifier>{1eb30f23-2679-477c-8140-238a7948bec2}</UniqueIdentifier>
    </Filter>
    <Filter Include="engine2Dbase\operators">
      <UniqueIdentifier>{bac86428-1ddd-4482-844b-29758ac8d541}</UniqueIdentifier>
    </Filter>
  </ItemGroup>
  <ItemGroup>
    <ClInclude Include="src\UpdateRenderableOperator.h">
      <Filter>engine2Dbase\h</Filter>
    </ClInclude>
    <ClInclude Include="src\MaxVelocityOperator.h">
      <Filter>engine2Dbase\h</Filter>
    </ClInclude>
    <ClInclude Include="src\Engine2D.h">
      <Filter>engine2Dbase\h</Filter>
    </ClInclude>
    <ClInclude Include="src\Positionable.h">
      <Filter>engine2Dbase\h</Filter>
    </ClInclude>
    <ClInclude Include="src\Square.h">
      <Filter>engine2Dbase\h</Filter>
    </ClInclude>
    <ClInclude Include="src\UpdateRenderableOperator.h">
      <Filter>engine2Dbase\h</Filter>
    </ClInclude>
    <ClInclude Include="src\KEYBOARD_KEYS.h">
      <Filter>engine2Dbase\h</Filter>
    </ClInclude>
    <ClInclude Include="src\KEYBOARD_KEYS_DI.h">
      <Filter>engine2Dbase\h</Filter>
    </ClInclude>
    <ClInclude Include="src\IInput.h">
      <Filter>engine2Dbase\h</Filter>
    </ClInclude>
    <ClInclude Include="src\IRenderer.h">
      <Filter>engine2Dbase\h</Filter>
      <Filter>engine2Dbase\h</Filter>
    </ClInclude>
    <ClInclude Include="src\DIMouse.h">
      <Filter>engine2Dbase\h</Filter>
    </ClInclude>
    <ClInclude Include="src\AnimationUtils.h">
      <Filter>engine2Dbase\h</Filter>
    </ClInclude>
    <ClInclude Include="src\UpdateBackgroundOperator.h">
      <Filter>engine2Dbase\h</Filter>
    </ClInclude>
    <ClInclude Include="src\ForceDegradation.h">
      <Filter>engine2Dbase\operators</Filter>
    </ClInclude>
    <ClInclude Include="src\Camera.h">
      <Filter>engine2Dbase\h</Filter>
    </ClInclude>
    <ClInclude Include="src\Types.h">
      <Filter>engine2Dbase\h</Filter>
    </ClInclude>
    <ClInclude Include="src\FlappyTurd.h" />
    <ClInclude Include="src\Game.h">
      <Filter>engine2Dbase\h</Filter>
    </ClInclude>
    <ClInclude Include="src\EventSystem.h">
      <Filter>engine2Dbase\h</Filter>
    </ClInclude>
  </ItemGroup>
  <ItemGroup>
    <Text Include="doc\todo.txt">
      <Filter>engine2Dbase</Filter>
    </Text>
  </ItemGroup>
</Project>