<?xml version="1.0" encoding="utf-8"?>
<Project ToolsVersion="4.0" xmlns="http://schemas.microsoft.com/developer/msbuild/2003">
  <ItemGroup>
    <ClCompile Include="src\main.cpp" />
    <ClCompile Include="src\Stage.cpp">
      <Filter>engine2Dbase\cpp</Filter>
    </ClCompile>
    <ClCompile Include="src\StartState.cpp">
      <Filter>engine2Dbase\cpp</Filter>
    </ClCompile>
    <ClCompile Include="src\StateMachine.cpp">
      <Filter>engine2Dbase\cpp</Filter>
    </ClCompile>
    <ClCompile Include="src\Timer.cpp">
      <Filter>engine2Dbase\cpp</Filter>
    </ClCompile>
    <ClCompile Include="src\Trigger.cpp">
      <Filter>engine2Dbase\cpp</Filter>
    </ClCompile>
    <ClCompile Include="src\Animation.cpp">
      <Filter>engine2Dbase\Rendering\Renderables\Animations</Filter>
    </ClCompile>
    <ClCompile Include="src\AnimationManager.cpp">
      <Filter>engine2Dbase\Rendering\Renderables\Animations</Filter>
    </ClCompile>
    <ClCompile Include="src\AnimationUtils.cpp">
      <Filter>engine2Dbase\Rendering\Renderables\Animations</Filter>
    </ClCompile>
    <ClCompile Include="src\Appearance.cpp">
      <Filter>engine2Dbase\Rendering\Renderables</Filter>
    </ClCompile>
    <ClCompile Include="src\Camera.cpp">
      <Filter>engine2Dbase\Objects\Camera</Filter>
    </ClCompile>
    <ClCompile Include="src\Command.cpp">
      <Filter>engine2Dbase\System</Filter>
    </ClCompile>
    <ClCompile Include="src\CommandInterpreter.cpp">
      <Filter>engine2Dbase\System</Filter>
    </ClCompile>
    <ClCompile Include="src\CollidableGroup.cpp">
      <Filter>engine2Dbase\Math\Physics\Collision</Filter>
    </ClCompile>
    <ClCompile Include="src\CullObjectOperator.cpp">
      <Filter>engine2Dbase\Objects\operators</Filter>
    </ClCompile>
    <ClCompile Include="src\DIMouse.cpp">
      <Filter>engine2Dbase\Input</Filter>
    </ClCompile>
    <ClCompile Include="src\DIKeyboard.cpp">
      <Filter>engine2Dbase\Input</Filter>
    </ClCompile>
    <ClCompile Include="src\ProgramStack.cpp">
      <Filter>engine2Dbase\System</Filter>
    </ClCompile>
    <ClCompile Include="src\Menu.cpp">
      <Filter>engine2Dbase\UI</Filter>
    </ClCompile>
    <ClCompile Include="src\EventSystem.cpp">
      <Filter>engine2Dbase\System\Events</Filter>
    </ClCompile>
    <ClCompile Include="src\ObjectManager.cpp">
      <Filter>engine2Dbase\Objects</Filter>
    </ClCompile>
    <ClCompile Include="src\Font.cpp">
      <Filter>engine2Dbase\Rendering\Renderables</Filter>
    </ClCompile>
    <ClCompile Include="src\Engine2D.cpp">
      <Filter>engine2Dbase\System</Filter>
    </ClCompile>
    <ClCompile Include="src\InputManager.cpp">
      <Filter>engine2Dbase\Input</Filter>
    </ClCompile>
    <ClCompile Include="src\InputEvent.cpp">
      <Filter>engine2Dbase\Input</Filter>
    </ClCompile>
    <ClCompile Include="src\IRenderer.cpp">
      <Filter>engine2Dbase\Rendering</Filter>
    </ClCompile>
    <ClCompile Include="src\Popup.cpp">
      <Filter>engine2Dbase\UI</Filter>
    </ClCompile>
    <ClCompile Include="src\Plane.cpp">
      <Filter>engine2Dbase\Math\Geometry</Filter>
    </ClCompile>
    <ClCompile Include="src\Circle.cpp">
      <Filter>engine2Dbase\Math\Geometry</Filter>
    </ClCompile>
    <ClCompile Include="src\PlayState.cpp">
      <Filter>engine2Dbase\System\States</Filter>
    </ClCompile>
    <ClCompile Include="src\GameState.cpp">
      <Filter>engine2Dbase\System\States</Filter>
    </ClCompile>
    <ClCompile Include="src\DebugState.cpp">
      <Filter>engine2Dbase\System\States</Filter>
    </ClCompile>
    <ClCompile Include="src\Image.cpp">
      <Filter>engine2Dbase\Rendering\Renderables\Images</Filter>
    </ClCompile>
    <ClCompile Include="src\GameObject.cpp">
      <Filter>engine2Dbase\Objects</Filter>
    </ClCompile>
    <ClCompile Include="src\Frame.cpp">
      <Filter>engine2Dbase\Rendering\Renderables\Animations</Filter>
    </ClCompile>
    <ClCompile Include="src\DirectInput.cpp">
      <Filter>engine2Dbase\Input</Filter>
    </ClCompile>
    <ClCompile Include="src\SDSParser.cpp">
      <Filter>engine2Dbase\Scripting</Filter>
    </ClCompile>
    <ClCompile Include="src\Slider.cpp">
      <Filter>engine2Dbase\UI</Filter>
    </ClCompile>
    <ClCompile Include="src\Timer.cpp">
      <Filter>engine2Dbase\System</Filter>
    </ClCompile>
    <ClCompile Include="src\Trigger.cpp">
      <Filter>engine2Dbase\System</Filter>
    </ClCompile>
    <ClCompile Include="src\Sound.cpp">
      <Filter>engine2Dbase\Sound</Filter>
    </ClCompile>
    <ClCompile Include="src\Square.cpp">
      <Filter>engine2Dbase\Math\Geometry</Filter>
    </ClCompile>
    <ClCompile Include="src\SpriteManager.cpp">
      <Filter>engine2Dbase\Objects\Sprites</Filter>
    </ClCompile>
    <ClCompile Include="src\Sprite.cpp">
      <Filter>engine2Dbase\Objects\Sprites</Filter>
    </ClCompile>
    <ClCompile Include="src\StateMachine.cpp">
      <Filter>engine2Dbase\System</Filter>
    </ClCompile>
    <ClCompile Include="src\StartState.cpp">
      <Filter>engine2Dbase\System\States</Filter>
    </ClCompile>
    <ClCompile Include="src\UpdateBackgroundOperator.cpp">
      <Filter>engine2Dbase\Objects\operators</Filter>
    </ClCompile>
    <ClCompile Include="src\VirtualButton.cpp">
      <Filter>engine2Dbase\Input</Filter>
    </ClCompile>
    <ClCompile Include="src\VirtualGamePad.cpp">
      <Filter>engine2Dbase\Input</Filter>
    </ClCompile>
    <ClCompile Include="src\WorldOperator.cpp">
      <Filter>engine2Dbase\Objects\operators</Filter>
    </ClCompile>
    <ClCompile Include="src\Window.cpp">
      <Filter>engine2Dbase\System</Filter>
    </ClCompile>
    <ClCompile Include="src\XAudio.cpp">
      <Filter>engine2Dbase\Sound</Filter>
    </ClCompile>
    <ClCompile Include="src\XAudioFile.cpp">
      <Filter>engine2Dbase\Sound</Filter>
    </ClCompile>
    <ClCompile Include="src\Stage.cpp">
      <Filter>engine2Dbase\Objects</Filter>
    </ClCompile>
    <ClCompile Include="src\Game.cpp">
      <Filter>engine2Dbase\Application</Filter>
    </ClCompile>
    <ClCompile Include="src\Player.cpp">
      <Filter>engine2Dbase\Application</Filter>
    </ClCompile>
    <ClCompile Include="src\Debug.cpp">
      <Filter>engine2Dbase\Application</Filter>
    </ClCompile>
    <ClCompile Include="src\System.cpp">
      <Filter>engine2Dbase\System</Filter>
    </ClCompile>
    <ClCompile Include="src\RendererVK.cpp">
      <Filter>engine2Dbase\Rendering\Renderers\Vulkan</Filter>
    </ClCompile>
    <ClCompile Include="src\Renderer.cpp">
      <Filter>engine2Dbase\Rendering\Renderers\DirectX</Filter>
    </ClCompile>
    <ClCompile Include="src\RendererDX.cpp">
      <Filter>engine2Dbase\Rendering\Renderers\DirectX</Filter>
    </ClCompile>
    <ClCompile Include="src\IInput.cpp">
      <Filter>engine2Dbase\Input</Filter>
    </ClCompile>
    <ClCompile Include="src\PlatformInput.cpp">
      <Filter>engine2Dbase\Input</Filter>
    </ClCompile>
    <ClCompile Include="src\PlatformKeyboard.cpp">
      <Filter>engine2Dbase\Input</Filter>
    </ClCompile>
  </ItemGroup>
  <ItemGroup>
    <Filter Include="engine2Dbase">
      <UniqueIdentifier>{80b93f5b-06f2-4067-b310-a318c75f8d98}</UniqueIdentifier>
    </Filter>
    <Filter Include="engine2Dbase\cpp">
      <UniqueIdentifier>{1eb30f23-2679-477c-8140-238a7948bec2}</UniqueIdentifier>
    </Filter>
    <Filter Include="engine2Dbase\Rendering">
      <UniqueIdentifier>{71dffe58-e876-4651-bcfa-69ac32a59683}</UniqueIdentifier>
    </Filter>
    <Filter Include="engine2Dbase\Objects">
      <UniqueIdentifier>{b2c2d59e-5d03-45df-9ec5-f925debb37d4}</UniqueIdentifier>
    </Filter>
    <Filter Include="engine2Dbase\System">
      <UniqueIdentifier>{5e0b2df5-7987-4ade-8a09-432ace82e897}</UniqueIdentifier>
    </Filter>
    <Filter Include="engine2Dbase\Objects\operators">
      <UniqueIdentifier>{bac86428-1ddd-4482-844b-29758ac8d541}</UniqueIdentifier>
    </Filter>
    <Filter Include="engine2Dbase\Objects\Sprites">
      <UniqueIdentifier>{4d8da9cf-44bd-4563-8777-622cc9177ccf}</UniqueIdentifier>
    </Filter>
    <Filter Include="engine2Dbase\Rendering\Renderables">
      <UniqueIdentifier>{543cf356-b771-4f90-9d97-58620ae50a73}</UniqueIdentifier>
    </Filter>
    <Filter Include="engine2Dbase\Rendering\Renderables\Animations">
      <UniqueIdentifier>{a2a1d4c0-181d-4c11-bd83-4800e011a8a5}</UniqueIdentifier>
    </Filter>
    <Filter Include="engine2Dbase\Rendering\Renderables\Images">
      <UniqueIdentifier>{cef1b490-5ad2-4117-8a49-a2a2d4fd308c}</UniqueIdentifier>
    </Filter>
    <Filter Include="engine2Dbase\Objects\Camera">
      <UniqueIdentifier>{13b76ae1-38dd-435f-a04c-33bf433f8685}</UniqueIdentifier>
    </Filter>
    <Filter Include="engine2Dbase\Math">
      <UniqueIdentifier>{64739f8f-f848-4de8-a559-9b2616f15e07}</UniqueIdentifier>
    </Filter>
    <Filter Include="engine2Dbase\Math\Physics">
      <UniqueIdentifier>{6f828a00-3edd-4adb-b8b3-acc4907450cb}</UniqueIdentifier>
    </Filter>
    <Filter Include="engine2Dbase\Math\Geometry">
      <UniqueIdentifier>{3f792264-6bfd-4a38-b8d1-a6cc258e36ef}</UniqueIdentifier>
    </Filter>
    <Filter Include="engine2Dbase\Math\Physics\Collision">
      <UniqueIdentifier>{d3b28eb6-0fdb-4342-b2a2-79d6beaa943a}</UniqueIdentifier>
    </Filter>
    <Filter Include="engine2Dbase\Input">
      <UniqueIdentifier>{e5976d01-ff4c-4439-b685-b0b9b95d55d0}</UniqueIdentifier>
    </Filter>
    <Filter Include="engine2Dbase\UI">
      <UniqueIdentifier>{f0720cf1-6905-4147-a2e5-7d17cdf9822e}</UniqueIdentifier>
    </Filter>
    <Filter Include="engine2Dbase\System\States">
      <UniqueIdentifier>{d53de2ea-e266-4324-bab6-f438d3ea87e8}</UniqueIdentifier>
    </Filter>
    <Filter Include="engine2Dbase\System\Events">
      <UniqueIdentifier>{7f8896ff-044c-4c7a-a8cb-c7fc2c6c2577}</UniqueIdentifier>
    </Filter>
    <Filter Include="engine2Dbase\Sound">
      <UniqueIdentifier>{60cfc33e-b765-48dc-8af7-12016c3f132c}</UniqueIdentifier>
    </Filter>
    <Filter Include="engine2Dbase\Scripting">
      <UniqueIdentifier>{7c81360f-d12e-4474-8991-3ce5bc3f7785}</UniqueIdentifier>
    </Filter>
    <Filter Include="engine2Dbase\Application">
      <UniqueIdentifier>{c9a13681-48d5-48ba-994a-fa527d4e2709}</UniqueIdentifier>
    </Filter>
    <Filter Include="Games">
      <UniqueIdentifier>{83f74eb2-b7e9-47d4-8769-c059df3d071c}</UniqueIdentifier>
    </Filter>
    <Filter Include="engine2Dbase\Rendering\Renderers">
      <UniqueIdentifier>{0d33f555-c238-4761-aa14-caa3e520a5c1}</UniqueIdentifier>
    </Filter>
    <Filter Include="engine2Dbase\Rendering\Renderers\Vulkan">
      <UniqueIdentifier>{34581c15-f047-460f-9126-247c0f3da34a}</UniqueIdentifier>
    </Filter>
    <Filter Include="engine2Dbase\Rendering\Renderers\DirectX">
      <UniqueIdentifier>{b5f22483-b9a5-4421-8cad-72eb63b44e6b}</UniqueIdentifier>
    </Filter>
  </ItemGroup>
  <ItemGroup>
    <ClInclude Include="src\ForceDegradation.h">
      <Filter>engine2Dbase\Objects\operators</Filter>
    </ClInclude>
    <ClInclude Include="src\IInput.h">
      <Filter>engine2Dbase\Input</Filter>
    </ClInclude>
    <ClInclude Include="src\Types.h">
      <Filter>engine2Dbase\System</Filter>
    </ClInclude>
    <ClInclude Include="src\AnimationUtils.h">
      <Filter>engine2Dbase\Rendering\Renderables\Animations</Filter>
    </ClInclude>
    <ClInclude Include="src\Camera.h">
      <Filter>engine2Dbase\Objects\Camera</Filter>
    </ClInclude>
    <ClInclude Include="src\DIMouse.h">
      <Filter>engine2Dbase\Input</Filter>
    </ClInclude>
    <ClInclude Include="src\IProgramState.h">
      <Filter>engine2Dbase\System</Filter>
    </ClInclude>
    <ClInclude Include="src\IRenderer.h">
      <Filter>engine2Dbase\Rendering</Filter>
    </ClInclude>
    <ClInclude Include="src\Engine2D.h">
      <Filter>engine2Dbase\System</Filter>
    </ClInclude>
    <ClInclude Include="src\EventSystem.h">
      <Filter>engine2Dbase\System</Filter>
    </ClInclude>
    <ClInclude Include="src\KEYBOARD_KEYS.h">
      <Filter>engine2Dbase\Input</Filter>
    </ClInclude>
    <ClInclude Include="src\KEYBOARD_KEYS_DI.h">
      <Filter>engine2Dbase\Input</Filter>
    </ClInclude>
    <ClInclude Include="src\Positionable.h">
      <Filter>engine2Dbase\Math\Physics</Filter>
    </ClInclude>
    <ClInclude Include="src\Square.h">
      <Filter>engine2Dbase\Math\Geometry</Filter>
    </ClInclude>
    <ClInclude Include="src\Game.h">
      <Filter>engine2Dbase\Application</Filter>
    </ClInclude>
    <ClInclude Include="src\UpdateRenderableOperator.h">
      <Filter>engine2Dbase\Objects\operators</Filter>
    </ClInclude>
    <ClInclude Include="src\UpdateBackgroundOperator.h">
      <Filter>engine2Dbase\Objects\operators</Filter>
    </ClInclude>
    <ClInclude Include="src\MaxVelocityOperator.h">
      <Filter>engine2Dbase\Objects\operators</Filter>
    </ClInclude>
    <ClInclude Include="src\State.h">
      <Filter>engine2Dbase\System</Filter>
    </ClInclude>
    <ClInclude Include="src\UpdateRenderableOperator.h" />
    <ClInclude Include="src\FlappyTurd.h">
      <Filter>Games</Filter>
    </ClInclude>
    <ClInclude Include="src\EverTale.h">
      <Filter>Games</Filter>
    </ClInclude>
    <ClInclude Include="src\System.h">
      <Filter>engine2Dbase\System</Filter>
    </ClInclude>
    <ClInclude Include="src\RendererVK.h">
      <Filter>engine2Dbase\Rendering\Renderers\Vulkan</Filter>
    </ClInclude>
    <ClInclude Include="src\PlatformInput.h">
      <Filter>engine2Dbase\Input</Filter>
    </ClInclude>
    <ClInclude Include="src\PlatformKeyboard.h">
      <Filter>engine2Dbase\Input</Filter>
    </ClInclude>
  </ItemGroup>
  <ItemGroup>
    <Text Include="doc\todo.txt">
      <Filter>engine2Dbase</Filter>
    </Text>
  </ItemGroup>
  <ItemGroup>
    <None Include="packages.config" />
  </ItemGroup>
</Project>