<?xml version="1.0" encoding="utf-8"?>
<Project ToolsVersion="4.0" xmlns="http://schemas.microsoft.com/developer/msbuild/2003">
  <ItemGroup>
    <Filter Include="Core">
      <UniqueIdentifier>{d92d8235-41ea-40bd-93eb-1896b6bc86f0}</UniqueIdentifier>
    </Filter>
    <Filter Include="Rendering">
      <UniqueIdentifier>{8b47136f-45f5-466a-88db-e5a046c91f88}</UniqueIdentifier>
    </Filter>
    <Filter Include="Input">
      <UniqueIdentifier>{ab5a7dab-dab0-4422-a3e5-375f30d96ad3}</UniqueIdentifier>
    </Filter>
    <Filter Include="Physics">
      <UniqueIdentifier>{1c30e4c0-12af-4551-8ea0-212d3fc2c042}</UniqueIdentifier>
    </Filter>
    <Filter Include="UI">
      <UniqueIdentifier>{44d6d873-9359-4ed1-9c85-54599d26b105}</UniqueIdentifier>
    </Filter>
    <Filter Include="Debugging">
      <UniqueIdentifier>{5db0251e-7f99-4930-b0e8-aa7a9b426a2b}</UniqueIdentifier>
    </Filter>
    <Filter Include="Audio">
      <UniqueIdentifier>{daa6e45a-7c1f-44b4-bc93-611a64f87cd2}</UniqueIdentifier>
    </Filter>
    <Filter Include="Operators / Simulation">
      <UniqueIdentifier>{dae6fabe-0dcb-4c85-a6f7-189fe9a12581}</UniqueIdentifier>
    </Filter>
    <Filter Include="Math / Utilities">
      <UniqueIdentifier>{8a3cba08-27e5-4fcd-b19c-9cb40e539a70}</UniqueIdentifier>
    </Filter>
    <Filter Include="Assets / Resources">
      <UniqueIdentifier>{e3019012-d58e-45fd-9c6e-1dc4061da7bf}</UniqueIdentifier>
    </Filter>
    <Filter Include="Events">
      <UniqueIdentifier>{f6425180-2953-4e94-b275-0157b86d3a9c}</UniqueIdentifier>
    </Filter>
    <Filter Include="Scene">
      <UniqueIdentifier>{a34786a7-6d3e-412e-b2cc-a1f44dab0655}</UniqueIdentifier>
    </Filter>
    <Filter Include="Misc">
      <UniqueIdentifier>{740a476f-6831-48f6-a3b1-fe9ffc948797}</UniqueIdentifier>
    </Filter>
    <Filter Include="Objects / Entities">
      <UniqueIdentifier>{417684cd-7837-43fc-b63e-032b7a1ced8d}</UniqueIdentifier>
    </Filter>
    <Filter Include="Applications">
      <UniqueIdentifier>{c08478ea-6a9f-4d63-b1e5-c7a089520d55}</UniqueIdentifier>
    </Filter>
    <Filter Include="Applications\FantasySideScroller">
      <UniqueIdentifier>{d1bca923-b7db-49d6-b49b-d45e57d04f18}</UniqueIdentifier>
    </Filter>
  </ItemGroup>
  <ItemGroup>
    <ClInclude Include="src\TreeNode.h">
      <Filter>Misc</Filter>
    </ClInclude>
    <ClInclude Include="src\TreeNode.hpp">
      <Filter>Misc</Filter>
    </ClInclude>
    <ClInclude Include="src\Engine2D.h">
      <Filter>Core</Filter>
    </ClInclude>
    <ClInclude Include="src\TextureD3D.h">
      <Filter>Rendering</Filter>
    </ClInclude>
    <ClInclude Include="src\TextureVK.h">
      <Filter>Rendering</Filter>
    </ClInclude>
    <ClInclude Include="src\System.h">
      <Filter>Core</Filter>
    </ClInclude>
    <ClInclude Include="src\Types.h">
      <Filter>Core</Filter>
    </ClInclude>
    <ClInclude Include="src\Game.h">
      <Filter>Core</Filter>
    </ClInclude>
    <ClInclude Include="src\Window.h">
      <Filter>Core</Filter>
    </ClInclude>
    <ClInclude Include="src\IRenderer.h">
      <Filter>Rendering</Filter>
    </ClInclude>
    <ClInclude Include="src\RendererDX.h">
      <Filter>Rendering</Filter>
    </ClInclude>
    <ClInclude Include="src\RendererVK.h">
      <Filter>Rendering</Filter>
    </ClInclude>
    <ClInclude Include="src\Animation.h">
      <Filter>Assets / Resources</Filter>
    </ClInclude>
    <ClInclude Include="src\Color.h">
      <Filter>Assets / Resources</Filter>
    </ClInclude>
    <ClInclude Include="src\Font.h">
      <Filter>Assets / Resources</Filter>
    </ClInclude>
    <ClInclude Include="src\Frame.h">
      <Filter>Assets / Resources</Filter>
    </ClInclude>
    <ClInclude Include="src\AnimationManager.h">
      <Filter>Assets / Resources</Filter>
    </ClInclude>
    <ClInclude Include="src\Sound.h">
      <Filter>Assets / Resources</Filter>
    </ClInclude>
    <ClInclude Include="src\Action.h">
      <Filter>Input</Filter>
    </ClInclude>
    <ClInclude Include="src\XAudio.h">
      <Filter>Audio</Filter>
    </ClInclude>
    <ClInclude Include="src\XAudioFile.h">
      <Filter>Audio</Filter>
    </ClInclude>
    <ClInclude Include="src\WorldOperator.h">
      <Filter>Operators / Simulation</Filter>
    </ClInclude>
    <ClInclude Include="src\UpdateBackgroundOperator.h">
      <Filter>Operators / Simulation</Filter>
    </ClInclude>
    <ClInclude Include="src\UpdateRenderableOperator.h">
      <Filter>Operators / Simulation</Filter>
    </ClInclude>
    <ClInclude Include="src\Trigger.h">
      <Filter>Input</Filter>
    </ClInclude>
    <ClInclude Include="src\Vertex.h">
      <Filter>Rendering</Filter>
    </ClInclude>
    <ClInclude Include="src\maths\Vector3.h">
      <Filter>Math / Utilities</Filter>
    </ClInclude>
    <ClInclude Include="src\Timer.h">
      <Filter>Core</Filter>
    </ClInclude>
    <ClInclude Include="src\StrUtil.h">
      <Filter>Math / Utilities</Filter>
    </ClInclude>
    <ClInclude Include="src\Square.h">
      <Filter>Physics</Filter>
    </ClInclude>
    <ClInclude Include="src\Stage.h">
      <Filter>Objects / Entities</Filter>
    </ClInclude>
    <ClInclude Include="src\AnimationUtils.h">
      <Filter>Assets / Resources</Filter>
    </ClInclude>
    <ClInclude Include="src\Background.h">
      <Filter>Assets / Resources</Filter>
    </ClInclude>
    <ClInclude Include="src\Shader.h">
      <Filter>Assets / Resources</Filter>
    </ClInclude>
    <ClInclude Include="src\Maths.h">
      <Filter>Math / Utilities</Filter>
    </ClInclude>
    <ClInclude Include="src\Logger.h">
      <Filter>Debugging</Filter>
    </ClInclude>
    <ClInclude Include="src\Text.h">
      <Filter>Assets / Resources</Filter>
    </ClInclude>
    <ClInclude Include="src\SpriteManager.h">
      <Filter>Assets / Resources</Filter>
    </ClInclude>
    <ClInclude Include="src\Sprite.h">
      <Filter>Assets / Resources</Filter>
    </ClInclude>
    <ClInclude Include="src\Renderable.h">
      <Filter>Rendering</Filter>
    </ClInclude>
    <ClInclude Include="src\Renderer.h">
      <Filter>Rendering</Filter>
    </ClInclude>
    <ClInclude Include="src\ObjectManager.h">
      <Filter>Objects / Entities</Filter>
    </ClInclude>
    <ClInclude Include="src\ObjectOperator.h">
      <Filter>Objects / Entities</Filter>
    </ClInclude>
    <ClInclude Include="src\Physical.h">
      <Filter>Physics</Filter>
    </ClInclude>
    <ClInclude Include="src\Plane.h">
      <Filter>Physics</Filter>
    </ClInclude>
    <ClInclude Include="src\PlatformInput.h">
      <Filter>Input</Filter>
    </ClInclude>
    <ClInclude Include="src\PlatformKeyboard.h">
      <Filter>Input</Filter>
    </ClInclude>
    <ClInclude Include="src\IInput.h">
      <Filter>Input</Filter>
    </ClInclude>
    <ClInclude Include="src\Input.h">
      <Filter>Input</Filter>
    </ClInclude>
    <ClInclude Include="src\InputEvent.h">
      <Filter>Input</Filter>
    </ClInclude>
    <ClInclude Include="src\InputManager.h">
      <Filter>Input</Filter>
    </ClInclude>
    <ClInclude Include="src\Command.h">
      <Filter>Input</Filter>
    </ClInclude>
    <ClInclude Include="src\EventSystem.h">
      <Filter>Events</Filter>
    </ClInclude>
    <ClInclude Include="src\EventSystem.hpp">
      <Filter>Events</Filter>
    </ClInclude>
    <ClInclude Include="src\EventSystem_defines.h">
      <Filter>Events</Filter>
    </ClInclude>
    <ClInclude Include="src\State.h">
      <Filter>Events</Filter>
    </ClInclude>
    <ClInclude Include="src\StateMachine.h">
      <Filter>Events</Filter>
    </ClInclude>
    <ClInclude Include="src\StateMachineEvent.h">
      <Filter>Events</Filter>
    </ClInclude>
    <ClInclude Include="src\Camera.h">
      <Filter>Objects / Entities</Filter>
    </ClInclude>
    <ClInclude Include="src\CullObjectOperator.h">
      <Filter>Operators / Simulation</Filter>
    </ClInclude>
    <ClInclude Include="src\FollowObjectOperator.h">
      <Filter>Operators / Simulation</Filter>
    </ClInclude>
    <ClInclude Include="src\ApplyVelocityOperator.h">
      <Filter>Operators / Simulation</Filter>
    </ClInclude>
    <ClInclude Include="src\ForceDegradation.h">
      <Filter>Operators / Simulation</Filter>
    </ClInclude>
    <ClInclude Include="src\ForceOperator.h">
      <Filter>Operators / Simulation</Filter>
    </ClInclude>
    <ClInclude Include="src\Collidable.h">
      <Filter>Physics</Filter>
    </ClInclude>
    <ClInclude Include="src\CollidableGroup.h">
      <Filter>Physics</Filter>
    </ClInclude>
    <ClInclude Include="src\CollisionEvent.h">
      <Filter>Physics</Filter>
    </ClInclude>
    <ClInclude Include="src\ProgramState.h">
      <Filter>Core</Filter>
    </ClInclude>
    <ClInclude Include="src\ProgramStack.h">
      <Filter>Core</Filter>
    </ClInclude>
    <ClInclude Include="src\GameObject.h">
      <Filter>Objects / Entities</Filter>
    </ClInclude>
    <ClInclude Include="src\Player.h">
      <Filter>Objects / Entities</Filter>
    </ClInclude>
    <ClInclude Include="src\Popup.h">
      <Filter>UI</Filter>
    </ClInclude>
    <ClInclude Include="src\ScrollBar.h">
      <Filter>UI</Filter>
    </ClInclude>
    <ClInclude Include="src\Slider.h">
      <Filter>UI</Filter>
    </ClInclude>
    <ClInclude Include="src\SCROLLBAR_TYPE.h">
      <Filter>UI</Filter>
    </ClInclude>
    <ClInclude Include="src\Positionable.h">
      <Filter>Physics</Filter>
    </ClInclude>
    <ClInclude Include="src\Material.h">
      <Filter>Rendering</Filter>
    </ClInclude>
    <ClInclude Include="src\Mesh.h">
      <Filter>Rendering</Filter>
    </ClInclude>
    <ClInclude Include="src\EffectManager.h">
      <Filter>Objects / Entities</Filter>
    </ClInclude>
    <ClInclude Include="src\Effect.h">
      <Filter>Objects / Entities</Filter>
    </ClInclude>
    <ClInclude Include="src\GameState.h">
      <Filter>Core</Filter>
    </ClInclude>
    <ClInclude Include="src\Circle.h">
      <Filter>Physics</Filter>
    </ClInclude>
    <ClInclude Include="src\ISingleton.h">
      <Filter>Math / Utilities</Filter>
    </ClInclude>
    <ClInclude Include="src\CommandEvent.h">
      <Filter>Input</Filter>
    </ClInclude>
    <ClInclude Include="src\Controller.h">
      <Filter>Input</Filter>
    </ClInclude>
    <ClInclude Include="src\Debug.h">
      <Filter>Debugging</Filter>
    </ClInclude>
    <ClInclude Include="src\DebugLogger.hpp">
      <Filter>Debugging</Filter>
    </ClInclude>
    <ClInclude Include="src\DirectInput.h">
      <Filter>Input</Filter>
    </ClInclude>
    <ClInclude Include="src\DIMouse.h">
      <Filter>Input</Filter>
    </ClInclude>
    <ClInclude Include="src\Graphic.h">
      <Filter>UI</Filter>
    </ClInclude>
    <ClInclude Include="src\SOUND_PLAYBACK_MODE.h">
      <Filter>Audio</Filter>
    </ClInclude>
    <ClInclude Include="src\SoundManager.h">
      <Filter>Audio</Filter>
    </ClInclude>
    <ClInclude Include="src\IAudioSystem.h">
      <Filter>Audio</Filter>
    </ClInclude>
    <ClInclude Include="src\KeyboardDI.h">
      <Filter>Input</Filter>
    </ClInclude>
    <ClInclude Include="src\Factory.h">
      <Filter>Core</Filter>
    </ClInclude>
    <ClInclude Include="src\Factory.hpp">
      <Filter>Core</Filter>
    </ClInclude>
    <ClInclude Include="src\Event.h">
      <Filter>Events</Filter>
    </ClInclude>
    <ClInclude Include="src\COL_OBJ_TYPE.h">
      <Filter>Physics</Filter>
    </ClInclude>
    <ClInclude Include="src\KEYBOARD_KEYS.h">
      <Filter>Input</Filter>
    </ClInclude>
    <ClInclude Include="src\KEYBOARD_KEYS_DI.h">
      <Filter>Input</Filter>
    </ClInclude>
    <ClInclude Include="src\Keyboard.h">
      <Filter>Input</Filter>
    </ClInclude>
    <ClInclude Include="src\IMouse.h">
      <Filter>Input</Filter>
    </ClInclude>
    <ClInclude Include="src\Hardware.h">
      <Filter>Core</Filter>
    </ClInclude>
    <ClInclude Include="src\MOUSE_BUTTONS.h">
      <Filter>Input</Filter>
    </ClInclude>
    <ClInclude Include="src\ImageLoaders.h">
      <Filter>Assets / Resources</Filter>
    </ClInclude>
    <ClInclude Include="src\MaxVelocityOperator.h">
      <Filter>Operators / Simulation</Filter>
    </ClInclude>
    <ClInclude Include="src\ITexture.h">
      <Filter>Rendering</Filter>
    </ClInclude>
    <ClInclude Include="src\ShaderUtils.h">
      <Filter>Rendering</Filter>
    </ClInclude>
    <ClInclude Include="src\SDSNode.h">
      <Filter>Scene</Filter>
    </ClInclude>
    <ClInclude Include="src\SDSParser.h">
      <Filter>Scene</Filter>
    </ClInclude>
    <ClInclude Include="src\FileSystem.h">
      <Filter>Core</Filter>
    </ClInclude>
    <ClInclude Include="src\FantasySideScroller\Character.h">
      <Filter>Applications\FantasySideScroller</Filter>
    </ClInclude>
    <ClInclude Include="src\FantasySideScroller\Constants.h">
      <Filter>Applications\FantasySideScroller</Filter>
    </ClInclude>
    <ClInclude Include="src\FantasySideScroller\FantasySideScroller.h">
      <Filter>Applications\FantasySideScroller</Filter>
    </ClInclude>
    <ClInclude Include="src\FantasySideScroller\PlayState.h">
      <Filter>Applications\FantasySideScroller</Filter>
    </ClInclude>
    <ClInclude Include="src\FantasySideScroller\Resources.h">
      <Filter>Applications\FantasySideScroller</Filter>
    </ClInclude>
    <ClInclude Include="src\Cyclable.h">
      <Filter>Core</Filter>
    </ClInclude>
    <ClInclude Include="src\maths\Vector2.h">
      <Filter>Math / Utilities</Filter>
    </ClInclude>
    <ClInclude Include="src\Tile.h">
      <Filter>Objects / Entities</Filter>
    </ClInclude>
    <ClInclude Include="src\TileMap.h">
      <Filter>Objects / Entities</Filter>
    </ClInclude>
    <ClInclude Include="src\TileSet.h">
      <Filter>Assets / Resources</Filter>
    </ClInclude>
    <ClInclude Include="src\RendererGL.h">
      <Filter>Rendering</Filter>
    </ClInclude>
  </ItemGroup>
  <ItemGroup>
    <ClCompile Include="src\Engine2D.cpp">
      <Filter>Core</Filter>
    </ClCompile>
    <ClCompile Include="src\TextureVK.cpp">
      <Filter>Rendering</Filter>
    </ClCompile>
    <ClCompile Include="src\System.cpp">
      <Filter>Core</Filter>
    </ClCompile>
    <ClCompile Include="src\Game.cpp">
      <Filter>Core</Filter>
    </ClCompile>
    <ClCompile Include="src\Window.cpp">
      <Filter>Core</Filter>
    </ClCompile>
    <ClCompile Include="src\IRenderer.cpp">
      <Filter>Rendering</Filter>
    </ClCompile>
    <ClCompile Include="src\RendererDX.cpp">
      <Filter>Rendering</Filter>
    </ClCompile>
    <ClCompile Include="src\RendererVK.cpp">
      <Filter>Rendering</Filter>
    </ClCompile>
    <ClCompile Include="src\Animation.cpp">
      <Filter>Assets / Resources</Filter>
    </ClCompile>
    <ClCompile Include="src\Font.cpp">
      <Filter>Assets / Resources</Filter>
    </ClCompile>
    <ClCompile Include="src\Frame.cpp">
      <Filter>Assets / Resources</Filter>
    </ClCompile>
    <ClCompile Include="src\AnimationManager.cpp">
      <Filter>Assets / Resources</Filter>
    </ClCompile>
    <ClCompile Include="src\Sound.cpp">
      <Filter>Assets / Resources</Filter>
    </ClCompile>
    <ClCompile Include="src\Action.cpp">
      <Filter>Input</Filter>
    </ClCompile>
    <ClCompile Include="src\XAudioFile.cpp">
      <Filter>Audio</Filter>
    </ClCompile>
    <ClCompile Include="src\XAudio.cpp">
      <Filter>Audio</Filter>
    </ClCompile>
    <ClCompile Include="src\WorldOperator.cpp">
      <Filter>Operators / Simulation</Filter>
    </ClCompile>
    <ClCompile Include="src\UpdateBackgroundOperator.cpp">
      <Filter>Operators / Simulation</Filter>
    </ClCompile>
    <ClCompile Include="src\Trigger.cpp">
      <Filter>Input</Filter>
    </ClCompile>
    <ClCompile Include="src\Timer.cpp">
      <Filter>Operators / Simulation</Filter>
    </ClCompile>
    <ClCompile Include="src\Square.cpp">
      <Filter>Physics</Filter>
    </ClCompile>
    <ClCompile Include="src\Stage.cpp">
      <Filter>Objects / Entities</Filter>
    </ClCompile>
    <ClCompile Include="src\AnimationUtils.cpp">
      <Filter>Assets / Resources</Filter>
    </ClCompile>
    <ClCompile Include="src\Shader.cpp">
      <Filter>Assets / Resources</Filter>
    </ClCompile>
    <ClCompile Include="src\SpriteManager.cpp">
      <Filter>Assets / Resources</Filter>
    </ClCompile>
    <ClCompile Include="src\Sprite.cpp">
      <Filter>Assets / Resources</Filter>
    </ClCompile>
    <ClCompile Include="src\Renderer.cpp">
      <Filter>Rendering</Filter>
    </ClCompile>
    <ClCompile Include="src\ObjectManager.cpp">
      <Filter>Objects / Entities</Filter>
    </ClCompile>
    <ClCompile Include="src\Plane.cpp">
      <Filter>Physics</Filter>
    </ClCompile>
    <ClCompile Include="src\PlatformInput.cpp">
      <Filter>Input</Filter>
    </ClCompile>
    <ClCompile Include="src\PlatformKeyboard.cpp">
      <Filter>Input</Filter>
    </ClCompile>
    <ClCompile Include="src\IInput.cpp">
      <Filter>Input</Filter>
    </ClCompile>
    <ClCompile Include="src\InputEvent.cpp">
      <Filter>Input</Filter>
    </ClCompile>
    <ClCompile Include="src\InputManager.cpp">
      <Filter>Input</Filter>
    </ClCompile>
    <ClCompile Include="src\Command.cpp">
      <Filter>Input</Filter>
    </ClCompile>
    <ClCompile Include="src\EventSystem.cpp">
      <Filter>Events</Filter>
    </ClCompile>
    <ClCompile Include="src\StateMachine.cpp">
      <Filter>Events</Filter>
    </ClCompile>
    <ClCompile Include="src\Camera.cpp">
      <Filter>Objects / Entities</Filter>
    </ClCompile>
    <ClCompile Include="src\CullObjectOperator.cpp">
      <Filter>Operators / Simulation</Filter>
    </ClCompile>
    <ClCompile Include="src\CollidableGroup.cpp">
      <Filter>Physics</Filter>
    </ClCompile>
    <ClCompile Include="src\ProgramStack.cpp">
      <Filter>Core</Filter>
    </ClCompile>
    <ClCompile Include="src\GameObject.cpp">
      <Filter>Objects / Entities</Filter>
    </ClCompile>
    <ClCompile Include="src\Player.cpp">
      <Filter>Objects / Entities</Filter>
    </ClCompile>
    <ClCompile Include="src\GameState.cpp">
      <Filter>Core</Filter>
    </ClCompile>
    <ClCompile Include="src\Circle.cpp">
      <Filter>Physics</Filter>
    </ClCompile>
    <ClCompile Include="src\Controller.cpp">
      <Filter>Input</Filter>
    </ClCompile>
    <ClCompile Include="src\Debug.cpp">
      <Filter>Debugging</Filter>
    </ClCompile>
    <ClCompile Include="src\DIMouse.cpp">
      <Filter>Input</Filter>
    </ClCompile>
    <ClCompile Include="src\DirectInput.cpp">
      <Filter>Input</Filter>
    </ClCompile>
    <ClCompile Include="src\KeyboardDI.cpp">
      <Filter>Input</Filter>
    </ClCompile>
    <ClCompile Include="src\ImageLoaders.cpp">
      <Filter>Assets / Resources</Filter>
    </ClCompile>
    <ClCompile Include="src\SDSParser.cpp">
      <Filter>Scene</Filter>
    </ClCompile>
    <ClCompile Include="src\FantasySideScroller\Character.cpp">
      <Filter>Applications\FantasySideScroller</Filter>
    </ClCompile>
    <ClCompile Include="src\FantasySideScroller\FantasySideScroller.cpp">
      <Filter>Applications\FantasySideScroller</Filter>
    </ClCompile>
    <ClCompile Include="src\FantasySideScroller\PlayState.cpp">
      <Filter>Applications\FantasySideScroller</Filter>
    </ClCompile>
    <ClCompile Include="src\TileSet.cpp">
      <Filter>Assets / Resources</Filter>
    </ClCompile>
    <ClCompile Include="src\RendererGL.cpp">
      <Filter>Rendering</Filter>
    </ClCompile>
    <ClCompile Include="src\TextureGL.cpp">
      <Filter>Rendering</Filter>
    </ClCompile>
    <ClCompile Include="src\main.cpp" />
  </ItemGroup>
  <ItemGroup>
    <None Include="src\project.d">
      <Filter>Misc</Filter>
    </None>
    <None Include="README.md" />
  </ItemGroup>
</Project>
